
Microsoft Visual Studio Solution File, Format Version 12.00
# Visual Studio 15
VisualStudioVersion = 15.0.27130.2010
MinimumVisualStudioVersion = 10.0.40219.1
Project("{FAE04EC0-301F-11D3-BF4B-00C04F79EFBC}") = "FiasImport", "FiasImport\FiasImport.csproj", "{E11D1E96-FBB6-43DB-9EFB-A03EFA9AD766}"
EndProject
Global
	GlobalSection(SolutionConfigurationPlatforms) = preSolution
		Debug|Any CPU = Debug|Any CPU
		Release|Any CPU = Release|Any CPU
	EndGlobalSection
	GlobalSection(ProjectConfigurationPlatforms) = postSolution
		{E11D1E96-FBB6-43DB-9EFB-A03EFA9AD766}.Debug|Any CPU.ActiveCfg = Debug|Any CPU
		{E11D1E96-FBB6-43DB-9EFB-A03EFA9AD766}.Debug|Any CPU.Build.0 = Debug|Any CPU
		{E11D1E96-FBB6-43DB-9EFB-A03EFA9AD766}.Release|Any CPU.ActiveCfg = Release|Any CPU
		{E11D1E96-FBB6-43DB-9EFB-A03EFA9AD766}.Release|Any CPU.Build.0 = Release|Any CPU
	EndGlobalSection
	GlobalSection(SolutionProperties) = preSolution
		HideSolutionNode = FALSE
	EndGlobalSection
	GlobalSection(ExtensibilityGlobals) = postSolution
		SolutionGuid = {57F281AE-17B5-448A-AB8A-603D7ABD6AE5}
	EndGlobalSection
EndGlobal
